// !$*UTF8*$!
{
	archiveVersion = 1;
	classes = {
	};
	objectVersion = 46;
	objects = {

/* Begin PBXBuildFile section */
		939FF43B1EE7A26A00B5A8C8 /* AppDelegate.swift in Sources */ = {isa = PBXBuildFile; fileRef = 939FF43A1EE7A26A00B5A8C8 /* AppDelegate.swift */; };
		939FF43D1EE7A26A00B5A8C8 /* ViewController.swift in Sources */ = {isa = PBXBuildFile; fileRef = 939FF43C1EE7A26A00B5A8C8 /* ViewController.swift */; };
		939FF4401EE7A26A00B5A8C8 /* Main.storyboard in Resources */ = {isa = PBXBuildFile; fileRef = 939FF43E1EE7A26A00B5A8C8 /* Main.storyboard */; };
		939FF4421EE7A26B00B5A8C8 /* Assets.xcassets in Resources */ = {isa = PBXBuildFile; fileRef = 939FF4411EE7A26B00B5A8C8 /* Assets.xcassets */; };
		939FF4451EE7A26B00B5A8C8 /* LaunchScreen.storyboard in Resources */ = {isa = PBXBuildFile; fileRef = 939FF4431EE7A26B00B5A8C8 /* LaunchScreen.storyboard */; };
		939FF44D1EE7A30300B5A8C8 /* ItunseConnection.swift in Sources */ = {isa = PBXBuildFile; fileRef = 939FF44C1EE7A30300B5A8C8 /* ItunseConnection.swift */; };
		939FF44F1EE7AE9000B5A8C8 /* Album.swift in Sources */ = {isa = PBXBuildFile; fileRef = 939FF44E1EE7AE9000B5A8C8 /* Album.swift */; };
		939FF4531EE820F700B5A8C8 /* MusicView.xib in Resources */ = {isa = PBXBuildFile; fileRef = 939FF4521EE820F700B5A8C8 /* MusicView.xib */; };
		939FF4551EE8214E00B5A8C8 /* MusicView.swift in Sources */ = {isa = PBXBuildFile; fileRef = 939FF4541EE8214E00B5A8C8 /* MusicView.swift */; };
/* End PBXBuildFile section */

/* Begin PBXFileReference section */
		939FF4371EE7A26A00B5A8C8 /* MusicSearch.app */ = {isa = PBXFileReference; explicitFileType = wrapper.application; includeInIndex = 0; path = MusicSearch.app; sourceTree = BUILT_PRODUCTS_DIR; };
		939FF43A1EE7A26A00B5A8C8 /* AppDelegate.swift */ = {isa = PBXFileReference; lastKnownFileType = sourcecode.swift; path = AppDelegate.swift; sourceTree = "<group>"; };
		939FF43C1EE7A26A00B5A8C8 /* ViewController.swift */ = {isa = PBXFileReference; lastKnownFileType = sourcecode.swift; path = ViewController.swift; sourceTree = "<group>"; };
		939FF43F1EE7A26A00B5A8C8 /* Base */ = {isa = PBXFileReference; lastKnownFileType = file.storyboard; name = Base; path = Base.lproj/Main.storyboard; sourceTree = "<group>"; };
		939FF4411EE7A26B00B5A8C8 /* Assets.xcassets */ = {isa = PBXFileReference; lastKnownFileType = folder.assetcatalog; path = Assets.xcassets; sourceTree = "<group>"; };
		939FF4441EE7A26B00B5A8C8 /* Base */ = {isa = PBXFileReference; lastKnownFileType = file.storyboard; name = Base; path = Base.lproj/LaunchScreen.storyboard; sourceTree = "<group>"; };
		939FF4461EE7A26B00B5A8C8 /* Info.plist */ = {isa = PBXFileReference; lastKnownFileType = text.plist.xml; path = Info.plist; sourceTree = "<group>"; };
		939FF44C1EE7A30300B5A8C8 /* ItunseConnection.swift */ = {isa = PBXFileReference; fileEncoding = 4; lastKnownFileType = sourcecode.swift; path = ItunseConnection.swift; sourceTree = "<group>"; };
		939FF44E1EE7AE9000B5A8C8 /* Album.swift */ = {isa = PBXFileReference; fileEncoding = 4; lastKnownFileType = sourcecode.swift; path = Album.swift; sourceTree = "<group>"; };
		939FF4521EE820F700B5A8C8 /* MusicView.xib */ = {isa = PBXFileReference; fileEncoding = 4; lastKnownFileType = file.xib; path = MusicView.xib; sourceTree = "<group>"; };
		939FF4541EE8214E00B5A8C8 /* MusicView.swift */ = {isa = PBXFileReference; fileEncoding = 4; lastKnownFileType = sourcecode.swift; path = MusicView.swift; sourceTree = "<group>"; };
/* End PBXFileReference section */

/* Begin PBXFrameworksBuildPhase section */
		939FF4341EE7A26A00B5A8C8 /* Frameworks */ = {
			isa = PBXFrameworksBuildPhase;
			buildActionMask = 2147483647;
			files = (
			);
			runOnlyForDeploymentPostprocessing = 0;
		};
/* End PBXFrameworksBuildPhase section */

/* Begin PBXGroup section */
		939FF42E1EE7A26A00B5A8C8 = {
			isa = PBXGroup;
			children = (
				939FF4391EE7A26A00B5A8C8 /* MusicSearch */,
				939FF4381EE7A26A00B5A8C8 /* Products */,
			);
			sourceTree = "<group>";
		};
		939FF4381EE7A26A00B5A8C8 /* Products */ = {
			isa = PBXGroup;
			children = (
				939FF4371EE7A26A00B5A8C8 /* MusicSearch.app */,
			);
			name = Products;
			sourceTree = "<group>";
		};
		939FF4391EE7A26A00B5A8C8 /* MusicSearch */ = {
			isa = PBXGroup;
			children = (
				939FF43A1EE7A26A00B5A8C8 /* AppDelegate.swift */,
				939FF43C1EE7A26A00B5A8C8 /* ViewController.swift */,
				939FF4561EE821AC00B5A8C8 /* View */,
				939FF4511EE7AEA900B5A8C8 /* Model */,
				939FF44C1EE7A30300B5A8C8 /* ItunseConnection.swift */,
				939FF43E1EE7A26A00B5A8C8 /* Main.storyboard */,
				939FF4411EE7A26B00B5A8C8 /* Assets.xcassets */,
				939FF4431EE7A26B00B5A8C8 /* LaunchScreen.storyboard */,
				939FF4461EE7A26B00B5A8C8 /* Info.plist */,
			);
			path = MusicSearch;
			sourceTree = "<group>";
		};
		939FF4511EE7AEA900B5A8C8 /* Model */ = {
			isa = PBXGroup;
			children = (
				939FF44E1EE7AE9000B5A8C8 /* Album.swift */,
			);
			name = Model;
			sourceTree = "<group>";
		};
		939FF4561EE821AC00B5A8C8 /* View */ = {
			isa = PBXGroup;
			children = (
				939FF4541EE8214E00B5A8C8 /* MusicView.swift */,
				939FF4521EE820F700B5A8C8 /* MusicView.xib */,
			);
			name = View;
			sourceTree = "<group>";
		};
/* End PBXGroup section */

/* Begin PBXNativeTarget section */
		939FF4361EE7A26A00B5A8C8 /* MusicSearch */ = {
			isa = PBXNativeTarget;
			buildConfigurationList = 939FF4491EE7A26B00B5A8C8 /* Build configuration list for PBXNativeTarget "MusicSearch" */;
			buildPhases = (
				939FF4331EE7A26A00B5A8C8 /* Sources */,
				939FF4341EE7A26A00B5A8C8 /* Frameworks */,
				939FF4351EE7A26A00B5A8C8 /* Resources */,
			);
			buildRules = (
			);
			dependencies = (
			);
			name = MusicSearch;
			productName = MusicSearch;
			productReference = 939FF4371EE7A26A00B5A8C8 /* MusicSearch.app */;
			productType = "com.apple.product-type.application";
		};
/* End PBXNativeTarget section */

/* Begin PBXProject section */
		939FF42F1EE7A26A00B5A8C8 /* Project object */ = {
			isa = PBXProject;
			attributes = {
				LastSwiftUpdateCheck = 0830;
				LastUpgradeCheck = 0830;
				ORGANIZATIONNAME = YauheniIvaniuk;
				TargetAttributes = {
					939FF4361EE7A26A00B5A8C8 = {
						CreatedOnToolsVersion = 8.3.2;
						DevelopmentTeam = P2GURVV2B3;
						ProvisioningStyle = Automatic;
					};
				};
			};
			buildConfigurationList = 939FF4321EE7A26A00B5A8C8 /* Build configuration list for PBXProject "MusicSearch" */;
			compatibilityVersion = "Xcode 3.2";
			developmentRegion = English;
			hasScannedForEncodings = 0;
			knownRegions = (
				en,
				Base,
			);
			mainGroup = 939FF42E1EE7A26A00B5A8C8;
			productRefGroup = 939FF4381EE7A26A00B5A8C8 /* Products */;
			projectDirPath = "";
			projectRoot = "";
			targets = (
				939FF4361EE7A26A00B5A8C8 /* MusicSearch */,
			);
		};
/* End PBXProject section */

/* Begin PBXResourcesBuildPhase section */
		939FF4351EE7A26A00B5A8C8 /* Resources */ = {
			isa = PBXResourcesBuildPhase;
			buildActionMask = 2147483647;
			files = (
				939FF4451EE7A26B00B5A8C8 /* LaunchScreen.storyboard in Resources */,
				939FF4421EE7A26B00B5A8C8 /* Assets.xcassets in Resources */,
				939FF4531EE820F700B5A8C8 /* MusicView.xib in Resources */,
				939FF4401EE7A26A00B5A8C8 /* Main.storyboard in Resources */,
			);
			runOnlyForDeploymentPostprocessing = 0;
		};
/* End PBXResourcesBuildPhase section */

/* Begin PBXSourcesBuildPhase section */
		939FF4331EE7A26A00B5A8C8 /* Sources */ = {
			isa = PBXSourcesBuildPhase;
			buildActionMask = 2147483647;
			files = (
				939FF44D1EE7A30300B5A8C8 /* ItunseConnection.swift in Sources */,
				939FF43D1EE7A26A00B5A8C8 /* ViewController.swift in Sources */,
				939FF4551EE8214E00B5A8C8 /* MusicView.swift in Sources */,
				939FF43B1EE7A26A00B5A8C8 /* AppDelegate.swift in Sources */,
				939FF44F1EE7AE9000B5A8C8 /* Album.swift in Sources */,
			);
			runOnlyForDeploymentPostprocessing = 0;
		};
/* End PBXSourcesBuildPhase section */

/* Begin PBXVariantGroup section */
		939FF43E1EE7A26A00B5A8C8 /* Main.storyboard */ = {
			isa = PBXVariantGroup;
			children = (
				939FF43F1EE7A26A00B5A8C8 /* Base */,
			);
			name = Main.storyboard;
			sourceTree = "<group>";
		};
		939FF4431EE7A26B00B5A8C8 /* LaunchScreen.storyboard */ = {
			isa = PBXVariantGroup;
			children = (
				939FF4441EE7A26B00B5A8C8 /* Base */,
			);
			name = LaunchScreen.storyboard;
			sourceTree = "<group>";
		};
/* End PBXVariantGroup section */

/* Begin XCBuildConfiguration section */
		939FF4471EE7A26B00B5A8C8 /* Debug */ = {
			isa = XCBuildConfiguration;
			buildSettings = {
				ALWAYS_SEARCH_USER_PATHS = NO;
				CLANG_ANALYZER_NONNULL = YES;
				CLANG_ANALYZER_NUMBER_OBJECT_CONVERSION = YES_AGGRESSIVE;
				CLANG_CXX_LANGUAGE_STANDARD = "gnu++0x";
				CLANG_CXX_LIBRARY = "libc++";
				CLANG_ENABLE_MODULES = YES;
				CLANG_ENABLE_OBJC_ARC = YES;
				CLANG_WARN_BOOL_CONVERSION = YES;
				CLANG_WARN_CONSTANT_CONVERSION = YES;
				CLANG_WARN_DIRECT_OBJC_ISA_USAGE = YES_ERROR;
				CLANG_WARN_DOCUMENTATION_COMMENTS = YES;
				CLANG_WARN_EMPTY_BODY = YES;
				CLANG_WARN_ENUM_CONVERSION = YES;
				CLANG_WARN_INFINITE_RECURSION = YES;
				CLANG_WARN_INT_CONVERSION = YES;
				CLANG_WARN_OBJC_ROOT_CLASS = YES_ERROR;
				CLANG_WARN_SUSPICIOUS_MOVE = YES;
				CLANG_WARN_UNREACHABLE_CODE = YES;
				CLANG_WARN__DUPLICATE_METHOD_MATCH = YES;
				"CODE_SIGN_IDENTITY[sdk=iphoneos*]" = "iPhone Developer";
				COPY_PHASE_STRIP = NO;
				DEBUG_INFORMATION_FORMAT = dwarf;
				ENABLE_STRICT_OBJC_MSGSEND = YES;
				ENABLE_TESTABILITY = YES;
				GCC_C_LANGUAGE_STANDARD = gnu99;
				GCC_DYNAMIC_NO_PIC = NO;
				GCC_NO_COMMON_BLOCKS = YES;
				GCC_OPTIMIZATION_LEVEL = 0;
				GCC_PREPROCESSOR_DEFINITIONS = (
					"DEBUG=1",
					"$(inherited)",
				);
				GCC_WARN_64_TO_32_BIT_CONVERSION = YES;
				GCC_WARN_ABOUT_RETURN_TYPE = YES_ERROR;
				GCC_WARN_UNDECLARED_SELECTOR = YES;
				GCC_WARN_UNINITIALIZED_AUTOS = YES_AGGRESSIVE;
				GCC_WARN_UNUSED_FUNCTION = YES;
				GCC_WARN_UNUSED_VARIABLE = YES;
				IPHONEOS_DEPLOYMENT_TARGET = 10.3;
				MTL_ENABLE_DEBUG_INFO = YES;
				ONLY_ACTIVE_ARCH = YES;
				SDKROOT = iphoneos;
				SWIFT_ACTIVE_COMPILATION_CONDITIONS = DEBUG;
				SWIFT_OPTIMIZATION_LEVEL = "-Onone";
				TARGETED_DEVICE_FAMILY = "1,2";
			};
			name = Debug;
		};
		939FF4481EE7A26B00B5A8C8 /* Release */ = {
			isa = XCBuildConfiguration;
			buildSettings = {
				ALWAYS_SEARCH_USER_PATHS = NO;
				CLANG_ANALYZER_NONNULL = YES;
				CLANG_ANALYZER_NUMBER_OBJECT_CONVERSION = YES_AGGRESSIVE;
				CLANG_CXX_LANGUAGE_STANDARD = "gnu++0x";
				CLANG_CXX_LIBRARY = "libc++";
				CLANG_ENABLE_MODULES = YES;
				CLANG_ENABLE_OBJC_ARC = YES;
				CLANG_WARN_BOOL_CONVERSION = YES;
				CLANG_WARN_CONSTANT_CONVERSION = YES;
				CLANG_WARN_DIRECT_OBJC_ISA_USAGE = YES_ERROR;
				CLANG_WARN_DOCUMENTATION_COMMENTS = YES;
				CLANG_WARN_EMPTY_BODY = YES;
				CLANG_WARN_ENUM_CONVERSION = YES;
				CLANG_WARN_INFINITE_RECURSION = YES;
				CLANG_WARN_INT_CONVERSION = YES;
				CLANG_WARN_OBJC_ROOT_CLASS = YES_ERROR;
				CLANG_WARN_SUSPICIOUS_MOVE = YES;
				CLANG_WARN_UNREACHABLE_CODE = YES;
				CLANG_WARN__DUPLICATE_METHOD_MATCH = YES;
				"CODE_SIGN_IDENTITY[sdk=iphoneos*]" = "iPhone Developer";
				COPY_PHASE_STRIP = NO;
				DEBUG_INFORMATION_FORMAT = "dwarf-with-dsym";
				ENABLE_NS_ASSERTIONS = NO;
				ENABLE_STRICT_OBJC_MSGSEND = YES;
				GCC_C_LANGUAGE_STANDARD = gnu99;
				GCC_NO_COMMON_BLOCKS = YES;
				GCC_WARN_64_TO_32_BIT_CONVERSION = YES;
				GCC_WARN_ABOUT_RETURN_TYPE = YES_ERROR;
				GCC_WARN_UNDECLARED_SELECTOR = YES;
				GCC_WARN_UNINITIALIZED_AUTOS = YES_AGGRESSIVE;
				GCC_WARN_UNUSED_FUNCTION = YES;
				GCC_WARN_UNUSED_VARIABLE = YES;
				IPHONEOS_DEPLOYMENT_TARGET = 10.3;
				MTL_ENABLE_DEBUG_INFO = NO;
				SDKROOT = iphoneos;
				SWIFT_OPTIMIZATION_LEVEL = "-Owholemodule";
				TARGETED_DEVICE_FAMILY = "1,2";
				VALIDATE_PRODUCT = YES;
			};
			name = Release;
		};
		939FF44A1EE7A26B00B5A8C8 /* Debug */ = {
			isa = XCBuildConfiguration;
			buildSettings = {
				ASSETCATALOG_COMPILER_APPICON_NAME = AppIcon;
				DEVELOPMENT_TEAM = P2GURVV2B3;
				INFOPLIST_FILE = MusicSearch/Info.plist;
				LD_RUNPATH_SEARCH_PATHS = "$(inherited) @executable_path/Frameworks";
				PRODUCT_BUNDLE_IDENTIFIER = club.beco.MusicSearch;
				PRODUCT_NAME = "$(TARGET_NAME)";
				SWIFT_VERSION = 3.0;
			};
			name = Debug;
		};
		939FF44B1EE7A26B00B5A8C8 /* Release */ = {
			isa = XCBuildConfiguration;
			buildSettings = {
				ASSETCATALOG_COMPILER_APPICON_NAME = AppIcon;
				DEVELOPMENT_TEAM = P2GURVV2B3;
				INFOPLIST_FILE = MusicSearch/Info.plist;
				LD_RUNPATH_SEARCH_PATHS = "$(inherited) @executable_path/Frameworks";
				PRODUCT_BUNDLE_IDENTIFIER = club.beco.MusicSearch;
				PRODUCT_NAME = "$(TARGET_NAME)";
				SWIFT_VERSION = 3.0;
			};
			name = Release;
		};
/* End XCBuildConfiguration section */

/* Begin XCConfigurationList section */
		939FF4321EE7A26A00B5A8C8 /* Build configuration list for PBXProject "MusicSearch" */ = {
			isa = XCConfigurationList;
			buildConfigurations = (
				939FF4471EE7A26B00B5A8C8 /* Debug */,
				939FF4481EE7A26B00B5A8C8 /* Release */,
			);
			defaultConfigurationIsVisible = 0;
			defaultConfigurationName = Release;
		};
		939FF4491EE7A26B00B5A8C8 /* Build configuration list for PBXNativeTarget "MusicSearch" */ = {
			isa = XCConfigurationList;
			buildConfigurations = (
				939FF44A1EE7A26B00B5A8C8 /* Debug */,
				939FF44B1EE7A26B00B5A8C8 /* Release */,
			);
			defaultConfigurationIsVisible = 0;
		};
/* End XCConfigurationList section */
	};
	rootObject = 939FF42F1EE7A26A00B5A8C8 /* Project object */;
}
